
Microsoft Visual Studio Solution File, Format Version 12.00
# Visual Studio 15
VisualStudioVersion = 15.0.27428.2005
MinimumVisualStudioVersion = 10.0.40219.1
Project("{FAE04EC0-301F-11D3-BF4B-00C04F79EFBC}") = "Method Overloading", "Method Overloading\Method Overloading.csproj", "{33534E51-9A69-43C8-AF1A-35D82AA43B83}"
EndProject
Global
	GlobalSection(SolutionConfigurationPlatforms) = preSolution
		Debug|Any CPU = Debug|Any CPU
		Release|Any CPU = Release|Any CPU
	EndGlobalSection
	GlobalSection(ProjectConfigurationPlatforms) = postSolution
		{33534E51-9A69-43C8-AF1A-35D82AA43B83}.Debug|Any CPU.ActiveCfg = Debug|Any CPU
		{33534E51-9A69-43C8-AF1A-35D82AA43B83}.Debug|Any CPU.Build.0 = Debug|Any CPU
		{33534E51-9A69-43C8-AF1A-35D82AA43B83}.Release|Any CPU.ActiveCfg = Release|Any CPU
		{33534E51-9A69-43C8-AF1A-35D82AA43B83}.Release|Any CPU.Build.0 = Release|Any CPU
	EndGlobalSection
	GlobalSection(SolutionProperties) = preSolution
		HideSolutionNode = FALSE
	EndGlobalSection
	GlobalSection(ExtensibilityGlobals) = postSolution
		SolutionGuid = {9AA7AAF4-BDBA-420F-8D07-8C3E66A13ABA}
	EndGlobalSection
EndGlobal
