
Microsoft Visual Studio Solution File, Format Version 12.00
# Visual Studio 15
VisualStudioVersion = 15.0.27428.2005
MinimumVisualStudioVersion = 10.0.40219.1
Project("{FAE04EC0-301F-11D3-BF4B-00C04F79EFBC}") = "BooleanExample", "BooleanExample\BooleanExample.csproj", "{CCFDC0A0-911F-41D2-AEC1-DB7F5999C151}"
EndProject
Global
	GlobalSection(SolutionConfigurationPlatforms) = preSolution
		Debug|Any CPU = Debug|Any CPU
		Release|Any CPU = Release|Any CPU
	EndGlobalSection
	GlobalSection(ProjectConfigurationPlatforms) = postSolution
		{CCFDC0A0-911F-41D2-AEC1-DB7F5999C151}.Debug|Any CPU.ActiveCfg = Debug|Any CPU
		{CCFDC0A0-911F-41D2-AEC1-DB7F5999C151}.Debug|Any CPU.Build.0 = Debug|Any CPU
		{CCFDC0A0-911F-41D2-AEC1-DB7F5999C151}.Release|Any CPU.ActiveCfg = Release|Any CPU
		{CCFDC0A0-911F-41D2-AEC1-DB7F5999C151}.Release|Any CPU.Build.0 = Release|Any CPU
	EndGlobalSection
	GlobalSection(SolutionProperties) = preSolution
		HideSolutionNode = FALSE
	EndGlobalSection
	GlobalSection(ExtensibilityGlobals) = postSolution
		SolutionGuid = {1D01DC94-6561-49C8-95CC-FF7983E6F68D}
	EndGlobalSection
EndGlobal
