
Microsoft Visual Studio Solution File, Format Version 12.00
# Visual Studio 15
VisualStudioVersion = 15.0.27428.2005
MinimumVisualStudioVersion = 10.0.40219.1
Project("{FAE04EC0-301F-11D3-BF4B-00C04F79EFBC}") = "Using ArgumentException Across Classes", "Using ArgumentException Across Classes\Using ArgumentException Across Classes.csproj", "{15D07F2C-1D6B-41A9-AD84-8FF295ADC432}"
EndProject
Global
	GlobalSection(SolutionConfigurationPlatforms) = preSolution
		Debug|Any CPU = Debug|Any CPU
		Release|Any CPU = Release|Any CPU
	EndGlobalSection
	GlobalSection(ProjectConfigurationPlatforms) = postSolution
		{15D07F2C-1D6B-41A9-AD84-8FF295ADC432}.Debug|Any CPU.ActiveCfg = Debug|Any CPU
		{15D07F2C-1D6B-41A9-AD84-8FF295ADC432}.Debug|Any CPU.Build.0 = Debug|Any CPU
		{15D07F2C-1D6B-41A9-AD84-8FF295ADC432}.Release|Any CPU.ActiveCfg = Release|Any CPU
		{15D07F2C-1D6B-41A9-AD84-8FF295ADC432}.Release|Any CPU.Build.0 = Release|Any CPU
	EndGlobalSection
	GlobalSection(SolutionProperties) = preSolution
		HideSolutionNode = FALSE
	EndGlobalSection
	GlobalSection(ExtensibilityGlobals) = postSolution
		SolutionGuid = {37D2340F-2D68-4F76-9084-BEB7D5BED7FE}
	EndGlobalSection
EndGlobal
