
Microsoft Visual Studio Solution File, Format Version 12.00
# Visual Studio 15
VisualStudioVersion = 15.0.27428.2005
MinimumVisualStudioVersion = 10.0.40219.1
Project("{FAE04EC0-301F-11D3-BF4B-00C04F79EFBC}") = "ArgumentException Example", "ArgumentException Example\ArgumentException Example.csproj", "{E85F73D0-1146-4F32-B876-BD74DB5903E7}"
EndProject
Global
	GlobalSection(SolutionConfigurationPlatforms) = preSolution
		Debug|Any CPU = Debug|Any CPU
		Release|Any CPU = Release|Any CPU
	EndGlobalSection
	GlobalSection(ProjectConfigurationPlatforms) = postSolution
		{E85F73D0-1146-4F32-B876-BD74DB5903E7}.Debug|Any CPU.ActiveCfg = Debug|Any CPU
		{E85F73D0-1146-4F32-B876-BD74DB5903E7}.Debug|Any CPU.Build.0 = Debug|Any CPU
		{E85F73D0-1146-4F32-B876-BD74DB5903E7}.Release|Any CPU.ActiveCfg = Release|Any CPU
		{E85F73D0-1146-4F32-B876-BD74DB5903E7}.Release|Any CPU.Build.0 = Release|Any CPU
	EndGlobalSection
	GlobalSection(SolutionProperties) = preSolution
		HideSolutionNode = FALSE
	EndGlobalSection
	GlobalSection(ExtensibilityGlobals) = postSolution
		SolutionGuid = {3450E519-425D-4820-B646-57C8269F045D}
	EndGlobalSection
EndGlobal
