
Microsoft Visual Studio Solution File, Format Version 12.00
# Visual Studio 15
VisualStudioVersion = 15.0.27428.2005
MinimumVisualStudioVersion = 10.0.40219.1
Project("{FAE04EC0-301F-11D3-BF4B-00C04F79EFBC}") = "Vowel Checker Using ToLower", "Vowel Checker Using ToLower\Vowel Checker Using ToLower.csproj", "{2743EC08-1A27-4906-B869-FEF82F2AEAB2}"
EndProject
Global
	GlobalSection(SolutionConfigurationPlatforms) = preSolution
		Debug|Any CPU = Debug|Any CPU
		Release|Any CPU = Release|Any CPU
	EndGlobalSection
	GlobalSection(ProjectConfigurationPlatforms) = postSolution
		{2743EC08-1A27-4906-B869-FEF82F2AEAB2}.Debug|Any CPU.ActiveCfg = Debug|Any CPU
		{2743EC08-1A27-4906-B869-FEF82F2AEAB2}.Debug|Any CPU.Build.0 = Debug|Any CPU
		{2743EC08-1A27-4906-B869-FEF82F2AEAB2}.Release|Any CPU.ActiveCfg = Release|Any CPU
		{2743EC08-1A27-4906-B869-FEF82F2AEAB2}.Release|Any CPU.Build.0 = Release|Any CPU
	EndGlobalSection
	GlobalSection(SolutionProperties) = preSolution
		HideSolutionNode = FALSE
	EndGlobalSection
	GlobalSection(ExtensibilityGlobals) = postSolution
		SolutionGuid = {57B46AC3-B409-485C-B32D-B535DAB6E3C1}
	EndGlobalSection
EndGlobal
